
Microsoft Visual Studio Solution File, Format Version 12.00
# Visual Studio Version 17
VisualStudioVersion = 17.9.34622.214
MinimumVisualStudioVersion = 10.0.40219.1
Project("{8BC9CEB8-8B4A-11D0-8D11-00A0C91BC942}") = "projekt", "projekt\projekt.vcxproj", "{21410351-BCC3-43F6-8D55-25FCB8C7974A}"
EndProject
Global
	GlobalSection(SolutionConfigurationPlatforms) = preSolution
		Debug|x86 = Debug|x86
		Release|x86 = Release|x86
	EndGlobalSection
	GlobalSection(ProjectConfigurationPlatforms) = postSolution
		{21410351-BCC3-43F6-8D55-25FCB8C7974A}.Debug|x86.ActiveCfg = Debug|Win32
		{21410351-BCC3-43F6-8D55-25FCB8C7974A}.Debug|x86.Build.0 = Debug|Win32
		{21410351-BCC3-43F6-8D55-25FCB8C7974A}.Release|x86.ActiveCfg = Release|Win32
		{21410351-BCC3-43F6-8D55-25FCB8C7974A}.Release|x86.Build.0 = Release|Win32
	EndGlobalSection
	GlobalSection(SolutionProperties) = preSolution
		HideSolutionNode = FALSE
	EndGlobalSection
	GlobalSection(ExtensibilityGlobals) = postSolution
		SolutionGuid = {AED787C0-0952-4701-A56F-36AB5A5F246A}
	EndGlobalSection
EndGlobal
